{
  "originHash" : "e102f136e5931a4f6750ea3f7f07775d9755f36144d455ca96d94bc3a983927b",
  "pins" : [
    {
      "identity" : "incommons",
      "kind" : "remoteSourceControl",
      "location" : "https://github.com/indieSoftware/INCommons.git",
      "state" : {
        "revision" : "dac65d3bdbac1163fd6d9cfa6a7fc5205217469b",
        "version" : "4.2.0"
      }
    }
  ],
  "version" : 3
}
