{
  "originHash" : "798a4e2e6e06b2a82a331142ec8b5904ff75b12a9dd8be897ac05ad3eb0e4f0d",
  "pins" : [
    {
      "identity" : "incommons",
      "kind" : "remoteSourceControl",
      "location" : "https://github.com/indieSoftware/INCommons.git",
      "state" : {
        "revision" : "42496168d6d85fc760f186f698a8626ae4336712",
        "version" : "4.1.0"
      }
    }
  ],
  "version" : 3
}
