{
  "originHash" : "29d992bf4fea3f4d1d3c0056e361f6b07c2449fecf47a3804baa944a488cfbb7",
  "pins" : [
    {
      "identity" : "incommons",
      "kind" : "remoteSourceControl",
      "location" : "https://github.com/indieSoftware/INCommons.git",
      "state" : {
        "revision" : "dac65d3bdbac1163fd6d9cfa6a7fc5205217469b",
        "version" : "4.2.0"
      }
    }
  ],
  "version" : 3
}
