{
  "originHash" : "6728d08b2bd60d25481bf24864747f85b1fda2e29ef5e54e71a88d5313bd6222",
  "pins" : [
    {
      "identity" : "incommons",
      "kind" : "remoteSourceControl",
      "location" : "https://github.com/indieSoftware/INCommons",
      "state" : {
        "branch" : "develop",
        "revision" : "da5089c04e3e946a5b274114b81f31559f017d52"
      }
    }
  ],
  "version" : 3
}
